{
  "name": "constructs",
  "version": "1.0.0",
  "lockfileVersion": 1,
  "requires": true,
  "dependencies": {
    "EverythingAPI": {
      "version": "git+https://github.com/devcore-official/everything-api.git#d82c8fcc24e842f9fba9db39fe28a9858fc03a6e",
      "from": "git+https://github.com/devcore-official/everything-api.git#main"
    }
  }
}
